{
  "version": "5",
  "specifiers": {
    "jsr:@negrel/http-ece@0.7.0": "0.7.0",
    "jsr:@negrel/webpush@*": "0.4.0",
    "jsr:@std/bytes@1": "1.0.6",
    "jsr:@std/encoding@1": "1.0.10"
  },
  "jsr": {
    "@negrel/http-ece@0.7.0": {
      "integrity": "068e61ba6f52da5454051a283cc19621607f8dd6e74d55c01bb365b8c6644076",
      "dependencies": [
        "jsr:@std/bytes",
        "jsr:@std/encoding"
      ]
    },
    "@negrel/webpush@0.4.0": {
      "integrity": "dd7926ef77b9b08964db2de7f8e51ee4181284a3399f499245a350eee8a0c5a4",
      "dependencies": [
        "jsr:@negrel/http-ece",
        "jsr:@std/bytes",
        "jsr:@std/encoding"
      ]
    },
    "@std/bytes@1.0.6": {
      "integrity": "f6ac6adbd8ccd99314045f5703e23af0a68d7f7e58364b47d2c7f408aeb5820a"
    },
    "@std/encoding@1.0.10": {
      "integrity": "8783c6384a2d13abd5e9e87a7ae0520a30e9f56aeeaa3bdf910a3eaaf5c811a1"
    }
  },
  "redirects": {
    "https://esm.sh/@supabase/node-fetch@^2.6.14?target=denonext": "https://esm.sh/@supabase/node-fetch@2.6.15?target=denonext",
    "https://esm.sh/@supabase/supabase-js@2": "https://esm.sh/@supabase/supabase-js@2.50.0",
    "https://esm.sh/@types/bn.js@~4.11.6/index.d.ts": "https://esm.sh/@types/bn.js@4.11.6/index.d.ts",
    "https://esm.sh/@types/debug@~4.1.12/index.d.ts": "https://esm.sh/@types/debug@4.1.12/index.d.ts",
    "https://esm.sh/@types/jwa@~2.0.3/index.d.ts": "https://esm.sh/@types/jwa@2.0.3/index.d.ts",
    "https://esm.sh/@types/minimalistic-assert@~1.0.3/index.d.ts": "https://esm.sh/@types/minimalistic-assert@1.0.3/index.d.ts",
    "https://esm.sh/@types/safer-buffer@~2.1.3/index.d.ts": "https://esm.sh/@types/safer-buffer@2.1.3/index.d.ts",
    "https://esm.sh/@types/urlsafe-base64@~1.0.31/index.d.ts": "https://esm.sh/@types/urlsafe-base64@1.0.31/index.d.ts",
    "https://esm.sh/@types/web-push@~3.6.4/index.d.ts": "https://esm.sh/@types/web-push@3.6.4/index.d.ts",
    "https://esm.sh/@types/ws@~8.18.1/index.d.mts": "https://esm.sh/@types/ws@8.18.1/index.d.mts",
    "https://esm.sh/agent-base@6?target=denonext": "https://esm.sh/agent-base@6.0.2?target=denonext",
    "https://esm.sh/asn1.js@^5.3.0?target=denonext": "https://esm.sh/asn1.js@5.4.1?target=denonext",
    "https://esm.sh/bn.js@^4.0.0?target=denonext": "https://esm.sh/bn.js@4.12.2?target=denonext",
    "https://esm.sh/buffer-equal-constant-time@^1.0.1?target=denonext": "https://esm.sh/buffer-equal-constant-time@1.0.1?target=denonext",
    "https://esm.sh/bufferutil@^4.0.1?target=denonext": "https://esm.sh/bufferutil@4.0.9?target=denonext",
    "https://esm.sh/debug@4?target=denonext": "https://esm.sh/debug@4.4.1?target=denonext",
    "https://esm.sh/https-proxy-agent@^5.0.0?target=denonext": "https://esm.sh/https-proxy-agent@5.0.1?target=denonext",
    "https://esm.sh/jwa@^2.0.0?target=denonext": "https://esm.sh/jwa@2.0.1?target=denonext",
    "https://esm.sh/jws@^4.0.0?target=denonext": "https://esm.sh/jws@4.0.0?target=denonext",
    "https://esm.sh/minimalistic-assert@^1.0.0?target=denonext": "https://esm.sh/minimalistic-assert@1.0.1?target=denonext",
    "https://esm.sh/ms@^2.1.3?target=denonext": "https://esm.sh/ms@2.1.3?target=denonext",
    "https://esm.sh/node-gyp-build@^4.3.0?target=denonext": "https://esm.sh/node-gyp-build@4.8.4?target=denonext",
    "https://esm.sh/safe-buffer@^5.0.1?target=denonext": "https://esm.sh/safe-buffer@5.2.1?target=denonext",
    "https://esm.sh/safer-buffer@^2.1.0?target=denonext": "https://esm.sh/safer-buffer@2.1.2?target=denonext",
    "https://esm.sh/supports-color?target=denonext": "https://esm.sh/supports-color@10.0.0?target=denonext",
    "https://esm.sh/tr46@~0.0.3?target=denonext": "https://esm.sh/tr46@0.0.3?target=denonext",
    "https://esm.sh/urlsafe-base64@^1.0.0?target=denonext": "https://esm.sh/urlsafe-base64@1.0.0?target=denonext",
    "https://esm.sh/urlsafe-base64@~1.0.0?target=denonext": "https://esm.sh/urlsafe-base64@1.0.0?target=denonext",
    "https://esm.sh/utf-8-validate@%3E=5.0.2?target=denonext": "https://esm.sh/utf-8-validate@6.0.5?target=denonext",
    "https://esm.sh/webidl-conversions@^3.0.0?target=denonext": "https://esm.sh/webidl-conversions@3.0.1?target=denonext",
    "https://esm.sh/whatwg-url@^5.0.0?target=denonext": "https://esm.sh/whatwg-url@5.0.0?target=denonext",
    "https://esm.sh/ws@^8.18.2?target=denonext": "https://esm.sh/ws@8.18.2?target=denonext"
  },
  "remote": {
    "https://deno.land/std@0.177.0/async/abortable.ts": "73acfb3ed7261ce0d930dbe89e43db8d34e017b063cf0eaa7d215477bf53442e",
    "https://deno.land/std@0.177.0/async/deadline.ts": "c5facb0b404eede83e38bd2717ea8ab34faa2ffb20ef87fd261fcba32ba307aa",
    "https://deno.land/std@0.177.0/async/debounce.ts": "adab11d04ca38d699444ac8a9d9856b4155e8dda2afd07ce78276c01ea5a4332",
    "https://deno.land/std@0.177.0/async/deferred.ts": "42790112f36a75a57db4a96d33974a936deb7b04d25c6084a9fa8a49f135def8",
    "https://deno.land/std@0.177.0/async/delay.ts": "73aa04cec034c84fc748c7be49bb15cac3dd43a57174bfdb7a4aec22c248f0dd",
    "https://deno.land/std@0.177.0/async/mod.ts": "f04344fa21738e5ad6bea37a6bfffd57c617c2d372bb9f9dcfd118a1b622e576",
    "https://deno.land/std@0.177.0/async/mux_async_iterator.ts": "70c7f2ee4e9466161350473ad61cac0b9f115cff4c552eaa7ef9d50c4cbb4cc9",
    "https://deno.land/std@0.177.0/async/pool.ts": "fd082bd4aaf26445909889435a5c74334c017847842ec035739b4ae637ae8260",
    "https://deno.land/std@0.177.0/async/retry.ts": "5efa3ba450ac0c07a40a82e2df296287b5013755d232049efd7ea2244f15b20f",
    "https://deno.land/std@0.177.0/async/tee.ts": "47e42d35f622650b02234d43803d0383a89eb4387e1b83b5a40106d18ae36757",
    "https://deno.land/std@0.177.0/http/server.ts": "cbb17b594651215ba95c01a395700684e569c165a567e4e04bba327f41197433",
    "https://dev.jspm.io/npm:@jspm/core@2.0.1/_/0545670c.js": "468e254a0e5f7801333f217fcee046141186bd0a960018c893d73910bd754b71",
    "https://dev.jspm.io/npm:@jspm/core@2.0.1/_/3fe460d2.js": "991599d7a4ccc93f3dc0808aa706e713fd80a80fc8d21ec1fd28a96832030572",
    "https://dev.jspm.io/npm:@jspm/core@2.0.1/_/4a7b19f3.js": "0987e28a89045f13547cdfd42adfb114158c9e444544cbfa0737679e3d3863ce",
    "https://dev.jspm.io/npm:@jspm/core@2.0.1/_/57403c48.js": "3fa9c20fb03311a58a652563a4c935f6e7666113d2f725a6458893bfbac75e5f",
    "https://dev.jspm.io/npm:@jspm/core@2.0.1/_/633ae550.js": "65a4b416c1a22251ee020c55496de44a08ae247d4108898dfc0f4753df829fc5",
    "https://dev.jspm.io/npm:@jspm/core@2.0.1/_/8dc3f476.js": "55ff556fbd358ec01e78b1bc31d4d22baf1479046e42ea17f712b58ea96ba535",
    "https://dev.jspm.io/npm:@jspm/core@2.0.1/_/8ddf35de.js": "c05f3a1431f18571f87b59b7d3cda65c8983712c9b424b5574623975dcc68863",
    "https://dev.jspm.io/npm:@jspm/core@2.0.1/_/a17f45f2.js": "a36e172b43861a826c2258b8735525a1b13eb59c198ee808b016586d02dab38f",
    "https://dev.jspm.io/npm:@jspm/core@2.0.1/_/a421dfba.js": "ec016925d8e0ec5e5b56c0847212c1113edce320f5f6920d241ee00ee115d172",
    "https://dev.jspm.io/npm:@jspm/core@2.0.1/_/c5b352d6.js": "991006a876c2c17414e1884022c7c96a5cbe9a4fc9ec1abd717ac3d0ee7d4c55",
    "https://dev.jspm.io/npm:@jspm/core@2.0.1/_/cb95b980.js": "e20e42c770070c4326cb18192218b59e90a5378cdc57897f0c5f3b99ae054f07",
    "https://dev.jspm.io/npm:@jspm/core@2.0.1/_/e0803811.js": "1f6fe590fd0eeb59d9911633c388a4d97bea171f10ad260bc63b6702eb6d2e25",
    "https://dev.jspm.io/npm:@jspm/core@2.0.1/nodelibs/assert": "d10535eedc33c732428f71cd82f4a0caf0e74fec90d6bd7c3535a8ea4389a5ce",
    "https://dev.jspm.io/npm:@jspm/core@2.0.1/nodelibs/buffer": "f6bd0a893f7d7d48422389dc81a2923809fbd24c2d6352c7f4bdd29dcad7154b",
    "https://dev.jspm.io/npm:@jspm/core@2.0.1/nodelibs/crypto": "3b67684d38a8b2c8561a36153f2ea800eea4415fce88895e38a2742468d304f8",
    "https://dev.jspm.io/npm:@jspm/core@2.0.1/nodelibs/events": "e5cc37092fddd5ac75814ca2a779eda7977ef43b0b410d90c8f9323f89d80cb4",
    "https://dev.jspm.io/npm:@jspm/core@2.0.1/nodelibs/http": "3a6a6039e8b101294759b1e7c9acea0b75e2711e32b91246c3d1a2cf2d491755",
    "https://dev.jspm.io/npm:@jspm/core@2.0.1/nodelibs/https": "a1e659c95c3769dc3ab32b078c028adfab890545f1e4eb73f945b6119d648bcf",
    "https://dev.jspm.io/npm:@jspm/core@2.0.1/nodelibs/net": "2ea2d164b528306a24ac3c6cbbeb7aaf9a095aad07bee5edf2c1f1417d993c1f",
    "https://dev.jspm.io/npm:@jspm/core@2.0.1/nodelibs/process": "1d9259731556e49ecd4ce8180667577a1bdc68844dc89a5a1e71d34cad4a455d",
    "https://dev.jspm.io/npm:@jspm/core@2.0.1/nodelibs/stream": "bbc5a30284349f7be148a0a9e81fbdf30d52abaf9b155554abce757bdffac50a",
    "https://dev.jspm.io/npm:@jspm/core@2.0.1/nodelibs/tls": "869ff4dacad8ffab03f25f28568a616c87cbf42a88313cb4b8b6a624d156011c",
    "https://dev.jspm.io/npm:@jspm/core@2.0.1/nodelibs/url": "3d7ca846b3826a38b6b6596e04446f053bcadb71b818a28333e620afd119fef7",
    "https://dev.jspm.io/npm:@jspm/core@2.0.1/nodelibs/util": "f22fa23c828774618e6f8705ce6705f5a4e1d939efc98af445805d6d9a9e4a44",
    "https://dev.jspm.io/npm:@jspm/core@2/nodelibs/assert": "cf62e57177a93e448e5c0e9d9ba4c45a74181d76f7e2d8e183ee8ce19e35273d",
    "https://dev.jspm.io/npm:@jspm/core@2/nodelibs/buffer": "229bdbb9a5042d5977545e4ff66f49e866bf7103f4df4a7b60af203625ac60b0",
    "https://dev.jspm.io/npm:@jspm/core@2/nodelibs/crypto": "a0e7177391a40782fb0388c9b6276d068fc707f49f72334a665dbffc639f74a6",
    "https://dev.jspm.io/npm:@jspm/core@2/nodelibs/http": "00567cab39a03e98a0b8e8a691db2f9e8cc4158752fe16936a2ca3d1cf7d45eb",
    "https://dev.jspm.io/npm:@jspm/core@2/nodelibs/https": "ad57d7779dd0eedea2c8c10088467a096be0e6e4e36b944d205eabd6b35466c2",
    "https://dev.jspm.io/npm:@jspm/core@2/nodelibs/net": "b3765b7876f9adaecf5c9ac5c3b7343d4fc00ed72e69c83845f2152b59042a7b",
    "https://dev.jspm.io/npm:@jspm/core@2/nodelibs/process": "2b4c3a7c167d15d326b5e420b8a9f9c6ab7e1fedcfd1910b9b5a25ed5bb43579",
    "https://dev.jspm.io/npm:@jspm/core@2/nodelibs/stream": "6f2493f1eb38cf746a9583c8eb5b72d69dbdc9adb9cd34e7d013e6561e94d37e",
    "https://dev.jspm.io/npm:@jspm/core@2/nodelibs/tls": "2e2c1e33dd08de25c0cbed7021208ebe21582de07fbf968ccd91e811f0887653",
    "https://dev.jspm.io/npm:@jspm/core@2/nodelibs/url": "4f9b3efc61540c0883c3a60693d3fdd83557bc1b0532ec313c0515174492d480",
    "https://dev.jspm.io/npm:@jspm/core@2/nodelibs/util": "3e367156f97c2b6d19b6658a074a2554010e5e15a1b59fa239c58bff2ffb266e",
    "https://dev.jspm.io/npm:agent-base@7!cjs": "2a4d4a41ca68feb112d2ec2ec3a6e6e3ac70eb2252481122ac0e372a69347e45",
    "https://dev.jspm.io/npm:agent-base@7.1.0!cjs": "b6b6687d2c35079f0f5b50da00162aa86ae78fa5b6dfcc82124ea86673dafbc0",
    "https://dev.jspm.io/npm:asn1.js@5!cjs": "6323ab9b4b7278e4d91c8939aafd2e85922141576a1aae48e5f2b00dab421d09",
    "https://dev.jspm.io/npm:asn1.js@5.4.1!cjs": "a38b1e2973c03d5d4c7e43ec76696ee7ec63fab917df58f45a215f7b758e7a14",
    "https://dev.jspm.io/npm:bn.js@4!cjs": "805402d1bbd84d722527562407d6914446004b9b0bf799fe1119ac321d6fd861",
    "https://dev.jspm.io/npm:bn.js@4.12.0!cjs": "0e03c937c83eb3acbd63936a1a9b10f6a57b110bdf1a2210fd82b4a62fc04a83",
    "https://dev.jspm.io/npm:buffer-equal-constant-time@1.0.1!cjs": "d6f8245f768ab11939c56759d264ecb2924cd31f6e3c35003ce5f0b5582721d0",
    "https://dev.jspm.io/npm:debug@4!cjs": "10dd5ba3edd978795d30534e1a9e6210e241e1f860e301908f0475d3491a2e7a",
    "https://dev.jspm.io/npm:debug@4.3.4/_/0ce6db63.js": "4622778dd4621cdc9fc13020de03d637ca0342c7aa4b04187e22bf991e9b7143",
    "https://dev.jspm.io/npm:ecdsa-sig-formatter@1.0.11!cjs": "f9aa8917de72fbe6143a0179aafc3ac59f999ca0c0500cceb4384b381222ebcc",
    "https://dev.jspm.io/npm:http_ece@1.1.0!cjs": "2b5dc9dd078510a53edbde649c9a1d3bedce033715866b646f314d216c14eb67",
    "https://dev.jspm.io/npm:https-proxy-agent@7!cjs": "2b7e840d2a08b5bbc97c1b651ffd04731616e17cf9bb7e124e1a4d3a7f9b8006",
    "https://dev.jspm.io/npm:https-proxy-agent@7.0.2!cjs": "0a2308cd5db59f8a651f4709a69181116ccb74abf7d6133972a059e5231d630c",
    "https://dev.jspm.io/npm:inherits@2!cjs": "dac3435abfbb706adba76a0d19a09f17013b3ec975b4f6382e661e0439735dad",
    "https://dev.jspm.io/npm:inherits@2.0.4!cjs": "b650fbcf75e7edcce9dd326da4a9b0c90e4bd01b25c76a2c8f67ba5f30ea3b1c",
    "https://dev.jspm.io/npm:jwa@2!cjs": "552daf7c7003ce813f0b429fee402499d391ec0ea082211c59e3c848324d9190",
    "https://dev.jspm.io/npm:jwa@2.0.0!cjs": "120b93715da0446f626410b96da38d50b1aff98d1a4010a788047fb821f5a498",
    "https://dev.jspm.io/npm:jws@4!cjs": "b4ded134b90808cd54c01c21676e89f291649fad42ea720b869b14439d5e31b1",
    "https://dev.jspm.io/npm:jws@4.0.0!cjs": "74185832827e4a15cd624d39dc92f22801222afbed4622cdd6c4040c74f4909d",
    "https://dev.jspm.io/npm:jws@4.0.0/_/28cae3e9.js": "ad1fbe3089791eb31a041bf3906579f344fbaa13148515baf17d4072793e6c14",
    "https://dev.jspm.io/npm:minimalistic-assert@1!cjs": "0ebc98772f5c1694c4802b6685d149aff184ca52b8195f45dbcfd9916dcdf0d4",
    "https://dev.jspm.io/npm:minimalistic-assert@1.0.1!cjs": "f3e3e2a3533bbe817ed9c2b1c78bcf06479f8c5e73c5b300f7b1fdd07c74e322",
    "https://dev.jspm.io/npm:ms@2.1.2!cjs": "85bdadeb4f78a97ff8fb1a86c20f2b23a9b62613c67b52183b546be04e5f7836",
    "https://dev.jspm.io/npm:safe-buffer@5!cjs": "0b7ed6224442bef8eca4f7ccbce023467c76559a889947bd4b9c5e7358397650",
    "https://dev.jspm.io/npm:safe-buffer@5.2.1!cjs": "cbef67540a9fa6f97f8da8513aeb974029d40d9e630f4f602a01eab4abe64c70",
    "https://dev.jspm.io/npm:safer-buffer@2!cjs": "94c51de14e4b39f5d17568dfba807ae1a1f50686c7bc0a03f96ab97e24061c52",
    "https://dev.jspm.io/npm:safer-buffer@2.1.2!cjs": "47d9ea315ad8a7e5108e2163804d983f9390475dda59960ca52d5b0265ba63ad",
    "https://dev.jspm.io/npm:urlsafe-base64@1.0!cjs": "15f92d1a896132c5227d53af0ae21b7b9608d5fffd707481bc2f22867cb44b8a",
    "https://dev.jspm.io/npm:urlsafe-base64@1.0.0!cjs": "90d0e9787274feff562faedcd3d42eebe4becbd38a7e2ee213dc9df3b4087cce",
    "https://dev.jspm.io/npm:web-push@3.6.6!cjs": "4b1f2ae9219ebafc427437ceb9d1f6572dd3e61abdfec2852f60d5ceb5a12862",
    "https://dev.jspm.io/web-push": "237078f234951b5788b0548ea843ac226a6ebe2c7b6b2218993b660eebc7e55e",
    "https://esm.sh/@supabase/auth-js@2.70.0/denonext/auth-js.mjs": "51f137a91dc64489abf1a500582918ee5042e1e0b64c167f26a3b6d2f807f43c",
    "https://esm.sh/@supabase/functions-js@2.4.4/denonext/functions-js.mjs": "7adeb257410ef3c4a8a1eb9b4ff416c0075d1c32860ca04913c8a9dace1de6a6",
    "https://esm.sh/@supabase/node-fetch@2.6.15/denonext/node-fetch.mjs": "0bae9052231f4f6dbccc7234d05ea96923dbf967be12f402764580b6bf9f713d",
    "https://esm.sh/@supabase/node-fetch@2.6.15?target=denonext": "4d28c4ad97328403184353f68434f2b6973971507919e9150297413664919cf3",
    "https://esm.sh/@supabase/postgrest-js@1.19.4/denonext/postgrest-js.mjs": "2073b5552ba10c7a8302bffffae771e3aede1daf833382355dae239fb0ab2576",
    "https://esm.sh/@supabase/realtime-js@2.11.10/denonext/realtime-js.mjs": "23ab7d3a2cda22a65d0ed48e8adea547cc967bf4d2e32fd0af522563bdf77c24",
    "https://esm.sh/@supabase/storage-js@2.7.1/denonext/storage-js.mjs": "73ac8cdc95cfcd794fe603dbd7ce06d539ab51538ae6467eabe0f9cc26c993aa",
    "https://esm.sh/@supabase/supabase-js@2.50.0": "08871b551234bdcaf766bf2f864b8c00b6d7f92a66d23045596624e4b6c5d762",
    "https://esm.sh/@supabase/supabase-js@2.50.0/denonext/supabase-js.mjs": "f123d5a83e021b6ddd0ab4b3795c5ba5d3d27117d2e5844298ce5f9ba216311c",
    "https://esm.sh/agent-base@6.0.2/denonext/agent-base.mjs": "0c0b763755e6a764fbadbe58595e60d610de470db095f4c9ef9176ff5f32a7f2",
    "https://esm.sh/agent-base@6.0.2?target=denonext": "3ec2292e9b1ebcf0dbf6e4744a6746b74b5daed730cbd49045c04cae350bf2e0",
    "https://esm.sh/asn1.js@5.4.1/denonext/asn1.mjs": "6b068713e7378406b25f431f6646ba10a0b03c5d72ecd68158f67bfe0867ffeb",
    "https://esm.sh/asn1.js@5.4.1?target=denonext": "8787df97afb1d0fcdee1fd4b1b9eb764a55f8327a51700b06c7059686399be46",
    "https://esm.sh/bn.js@4.12.2/denonext/bn.mjs": "20c89dda5b538d93e06ad1ca1a54617a4f19893aede56e16c0d0cb3a4e23b3c5",
    "https://esm.sh/bn.js@4.12.2?target=denonext": "acf676bc314a99e4bf92101e36bf269b6c28012a74431dfe10b12f196e1debe5",
    "https://esm.sh/buffer-equal-constant-time@1.0.1/denonext/buffer-equal-constant-time.mjs": "c83a9e435334af6863aef9f50bd7d1a855e95055ba8af6dde63eaf674791f64b",
    "https://esm.sh/buffer-equal-constant-time@1.0.1?target=denonext": "947592b99778297d371afb105a753b42beffb623ca47203b5c71caa820cf05af",
    "https://esm.sh/bufferutil@4.0.9/denonext/bufferutil.mjs": "13dca4d5bb2c68cbe119f880fa3bd785b9a81a8e02e0834dae604b4b85295cd8",
    "https://esm.sh/bufferutil@4.0.9?target=denonext": "e32574569ab438facfcc3f412c659b0719bbf05477136ca176938c9a3ac45125",
    "https://esm.sh/debug@4.4.1/denonext/debug.mjs": "f4ead1d2ba56c04c08e42abe96388337ddb17a197c16a7d896442b4fcb4d643e",
    "https://esm.sh/debug@4.4.1?target=denonext": "3c77699e6583e2c743e63bc0571647b963f1c82282b970df992b59fa585d76eb",
    "https://esm.sh/ecdsa-sig-formatter@1.0.11/denonext/ecdsa-sig-formatter.mjs": "08370379943e48e31cda373711fe5528f60b3d3d992fae7c0d520ef55607640e",
    "https://esm.sh/http_ece@1.1.0/denonext/http_ece.mjs": "5243370164c4486bdc04c96a866fbd2240e63b196ce00046480b312568ec33ee",
    "https://esm.sh/https-proxy-agent@5.0.1/denonext/https-proxy-agent.mjs": "00801bfde0c48820cad4579eee098de1350913118aa126ff65ffab518a7f4141",
    "https://esm.sh/https-proxy-agent@5.0.1?target=denonext": "983271760921650552b0e33fd2ee731f6352f207842fdb235e8d866316ffa33d",
    "https://esm.sh/jwa@2.0.1/denonext/jwa.mjs": "9f886562cccb7bf4b6bb600597658ddb2d4f235ea7e00b534ff30ad33ae9a7d3",
    "https://esm.sh/jwa@2.0.1?target=denonext": "8a0c92b54c9d5bb54ce964bc189c11eb01316ef094b70cef107909bfa8de5eb5",
    "https://esm.sh/jws@4.0.0/denonext/jws.mjs": "3776ecd9ee3fc22e12a3d5766a27bf52fa6adb21ca5c126442a2da90fa5a09be",
    "https://esm.sh/jws@4.0.0?target=denonext": "a8a5e7e36b29e911e99a7a78bfe0ac37f5893a1bfc94360e269f842970dd70ad",
    "https://esm.sh/minimalistic-assert@1.0.1/denonext/minimalistic-assert.mjs": "07377d761438c22ed239e538e2b641cce8e0733793f0a98f34594782a6e85829",
    "https://esm.sh/minimalistic-assert@1.0.1?target=denonext": "4e19506c5a46f3c68b4d7b431e1de059c6c57b663cabf226cdb7ef0906b7aebe",
    "https://esm.sh/ms@2.1.3/denonext/ms.mjs": "9039464da1f4ae1c2042742d335c82556c048bbe49449b5d0cd5198193afa147",
    "https://esm.sh/ms@2.1.3?target=denonext": "36f5aa7503ff0ff44ce9e3155a60362d8d3ae5db8db048be5764a3a515b6a263",
    "https://esm.sh/node-gyp-build@4.8.4/denonext/node-gyp-build.mjs": "9a86f2d044fc77bd60aaa3d697c2ba1b818da5fb1b9aaeedec59a40b8e908803",
    "https://esm.sh/node-gyp-build@4.8.4?target=denonext": "261a6cedf1fdbf159798141ba1e2311ac1510682c5c8b55dacc8cf5fdee4aa06",
    "https://esm.sh/safe-buffer@5.2.1/denonext/safe-buffer.mjs": "51b088d69d0bbf6d7ce4179853887e105715df40e432a3bff0e9575cc2285276",
    "https://esm.sh/safe-buffer@5.2.1?target=denonext": "34028b9647c849fa96dfd3d9f217a3adca8b43b13409820ac3f43fb15eba3e20",
    "https://esm.sh/safer-buffer@2.1.2/denonext/safer-buffer.mjs": "63b601ca3ed03a32349ca04538ac898f2c520dbc6b554246d11c482c31e8a6b8",
    "https://esm.sh/safer-buffer@2.1.2?target=denonext": "381ed15e73b07affd71d58c070213d027e4b8951c381f44e5f80589d3ea9957b",
    "https://esm.sh/supports-color@10.0.0/denonext/supports-color.mjs": "239cd39d0828e1a018dee102748da869b1b75c38fe6a9c0c8f0bd4ffbd3e1ea1",
    "https://esm.sh/supports-color@10.0.0?target=denonext": "4895255248e4ba0cbcce9437003dccf3658b1ac1d1e8eba5225fb8194c454ee1",
    "https://esm.sh/tr46@0.0.3/denonext/tr46.mjs": "5753ec0a99414f4055f0c1f97691100f13d88e48a8443b00aebb90a512785fa2",
    "https://esm.sh/tr46@0.0.3?target=denonext": "19cb9be0f0d418a0c3abb81f2df31f080e9540a04e43b0f699bce1149cba0cbb",
    "https://esm.sh/urlsafe-base64@1.0.0/denonext/urlsafe-base64.mjs": "bf3c627075ee9f5964c169cee97f25a393bb66d3e0a3e9356109e22c27dd0f82",
    "https://esm.sh/urlsafe-base64@1.0.0?target=denonext": "7385f984d2333db12ae993152ae9b5731e1e05dfb524e8b1f3adfd5bba5c1aa1",
    "https://esm.sh/utf-8-validate@6.0.5/denonext/utf-8-validate.mjs": "66b8ea532a0c745068f5b96ddb1bae332c3036703243541d2e89e66331974d98",
    "https://esm.sh/utf-8-validate@6.0.5?target=denonext": "071bc33ba1a58297e23a34d69dd589fd06df04b0f373b382ff5da544a623f271",
    "https://esm.sh/web-push@3.4.5": "97085de5cbfb3b56e6c784129169934faf169aba90d9398f7e04042b9c4c0507",
    "https://esm.sh/web-push@3.4.5/denonext/web-push.mjs": "c5df47efbd509e567a4d4de92cf8ae109d1682963768e875cad181ecaeb027e9",
    "https://esm.sh/webidl-conversions@3.0.1/denonext/webidl-conversions.mjs": "54b5c2d50a294853c4ccebf9d5ed8988c94f4e24e463d84ec859a866ea5fafec",
    "https://esm.sh/webidl-conversions@3.0.1?target=denonext": "4e20318d50528084616c79d7b3f6e7f0fe7b6d09013bd01b3974d7448d767e29",
    "https://esm.sh/whatwg-url@5.0.0/denonext/whatwg-url.mjs": "29b16d74ee72624c915745bbd25b617cfd2248c6af0f5120d131e232a9a9af79",
    "https://esm.sh/whatwg-url@5.0.0?target=denonext": "f001a2cadf81312d214ca330033f474e74d81a003e21e8c5d70a1f46dc97b02d",
    "https://esm.sh/ws@8.18.2/denonext/ws.mjs": "b9211ecb1511b09f418c1330920c66800b66710b2cd2997b64b7e0525bd895d2",
    "https://esm.sh/ws@8.18.2?target=denonext": "2ee7b1bb11543dda3e7e1c685ad8599b6f18aea785302374c3def5da468a1e51"
  },
  "workspace": {
    "packageJson": {
      "dependencies": [
        "npm:web-push@^3.6.7"
      ]
    }
  }
}
